
Microsoft Visual Studio Solution File, Format Version 12.00
# Visual Studio Version 17
VisualStudioVersion = 17.4.33110.190
MinimumVisualStudioVersion = 10.0.40219.1
Project("{9A19103F-16F7-4668-BE54-9A1E7A4F7556}") = "ConcentratorFraud.Felaban.Auth.API", "API\ConcentratorFraud.Felaban.Auth.API.csproj", "{2587D293-063E-4E2D-AB16-FAF4EE475957}"
EndProject
Project("{9A19103F-16F7-4668-BE54-9A1E7A4F7556}") = "ConcentratorFraud.Felaban.Auth.BusinessLogic", "BusinessLogic\ConcentratorFraud.Felaban.Auth.BusinessLogic.csproj", "{77A8DD53-1B1D-4A1C-B88C-6AA444494FC3}"
EndProject
Project("{9A19103F-16F7-4668-BE54-9A1E7A4F7556}") = "ConcentratorFraud.Felaban.Auth.DataAccess", "DataAccess\ConcentratorFraud.Felaban.Auth.DataAccess.csproj", "{87F2082A-341E-48F3-AF67-6B2204EB99DD}"
EndProject
Project("{2150E333-8FDC-42A3-9474-1A3956D46DE8}") = "Services", "Services", "{FC5A41B4-8F84-46FD-8629-653C40410A3C}"
EndProject
Project("{2150E333-8FDC-42A3-9474-1A3956D46DE8}") = "Common", "Common", "{FB6B45E3-247B-4512-B5FD-EEE903E06282}"
EndProject
Project("{9A19103F-16F7-4668-BE54-9A1E7A4F7556}") = "Common", "Common\Common.csproj", "{93FDA3D7-C90B-45A2-A97C-D124272235F3}"
EndProject
Project("{9A19103F-16F7-4668-BE54-9A1E7A4F7556}") = "Common.Data", "Common.Data\Common.Data.csproj", "{D1FB51AE-37D8-4FB1-ABAD-C7D18C02E70A}"
EndProject
Project("{9A19103F-16F7-4668-BE54-9A1E7A4F7556}") = "Common.Domain", "Common.Domain\Common.Domain.csproj", "{857646FB-9CAA-44AF-80C1-E4D4C871198A}"
EndProject
Project("{9A19103F-16F7-4668-BE54-9A1E7A4F7556}") = "Common.Http", "Common.Http\Common.Http.csproj", "{819892FE-0635-4429-A51B-DE0090EE813F}"
EndProject
Project("{9A19103F-16F7-4668-BE54-9A1E7A4F7556}") = "Common.Operations", "Common.Operations\Common.Operations.csproj", "{C26BE87B-41FD-4937-9A15-5271A750B257}"
EndProject
Project("{9A19103F-16F7-4668-BE54-9A1E7A4F7556}") = "Common.Reporting", "Common.Reporting\Common.Reporting.csproj", "{3EBF9163-A4CC-418B-A3D2-50C1F348F282}"
EndProject
Project("{9A19103F-16F7-4668-BE54-9A1E7A4F7556}") = "Common.Storage", "Common.Storage\Common.Storage.csproj", "{6B17A27A-9459-45E9-8BC6-60FF6D35BC5D}"
EndProject
Project("{2150E333-8FDC-42A3-9474-1A3956D46DE8}") = "Auth", "Auth", "{737B10C1-79FB-4B81-A752-8C69D28E4A69}"
EndProject
Project("{9A19103F-16F7-4668-BE54-9A1E7A4F7556}") = "ConcentratorFraud.Felaban.Auth.Domain", "ConcentratorFraud.Felaban.Auth.Domain\ConcentratorFraud.Felaban.Auth.Domain.csproj", "{7F749CBA-C55B-4B00-A7BE-E7AE8E28A5B3}"
EndProject
Project("{2150E333-8FDC-42A3-9474-1A3956D46DE8}") = "Fraude", "Fraude", "{5590A67F-E1CB-485E-B1AA-5D67A60F3A83}"
EndProject
Project("{FAE04EC0-301F-11D3-BF4B-00C04F79EFBC}") = "ConcentratorFraud.API", "ConcentratorFraud.API\ConcentratorFraud.API.csproj", "{09C2C9A8-8636-46EF-804A-8210CEDEC13E}"
EndProject
Project("{FAE04EC0-301F-11D3-BF4B-00C04F79EFBC}") = "ConcentratorFraud.BusinessLogic", "ConcentratorFraud.BusinessLogic\ConcentratorFraud.BusinessLogic.csproj", "{9A94297A-8B32-49F2-8077-2F289182D552}"
EndProject
Project("{FAE04EC0-301F-11D3-BF4B-00C04F79EFBC}") = "ConcentratorFraud.DataAccess", "ConcentratorFraud.DataAccess\ConcentratorFraud.DataAccess.csproj", "{13A464DC-B24A-4AC8-A485-55E34693FC34}"
EndProject
Project("{FAE04EC0-301F-11D3-BF4B-00C04F79EFBC}") = "ConcentratorFraud.Domain", "ConcentratorFraud.Domain\ConcentratorFraud.Domain.csproj", "{77D799D2-DA5B-4144-B6E8-4092DCB62F7B}"
EndProject
Global
	GlobalSection(SolutionConfigurationPlatforms) = preSolution
		Debug|Any CPU = Debug|Any CPU
		Release|Any CPU = Release|Any CPU
	EndGlobalSection
	GlobalSection(ProjectConfigurationPlatforms) = postSolution
		{2587D293-063E-4E2D-AB16-FAF4EE475957}.Debug|Any CPU.ActiveCfg = Debug|Any CPU
		{2587D293-063E-4E2D-AB16-FAF4EE475957}.Debug|Any CPU.Build.0 = Debug|Any CPU
		{2587D293-063E-4E2D-AB16-FAF4EE475957}.Release|Any CPU.ActiveCfg = Release|Any CPU
		{2587D293-063E-4E2D-AB16-FAF4EE475957}.Release|Any CPU.Build.0 = Release|Any CPU
		{77A8DD53-1B1D-4A1C-B88C-6AA444494FC3}.Debug|Any CPU.ActiveCfg = Debug|Any CPU
		{77A8DD53-1B1D-4A1C-B88C-6AA444494FC3}.Debug|Any CPU.Build.0 = Debug|Any CPU
		{77A8DD53-1B1D-4A1C-B88C-6AA444494FC3}.Release|Any CPU.ActiveCfg = Release|Any CPU
		{77A8DD53-1B1D-4A1C-B88C-6AA444494FC3}.Release|Any CPU.Build.0 = Release|Any CPU
		{87F2082A-341E-48F3-AF67-6B2204EB99DD}.Debug|Any CPU.ActiveCfg = Debug|Any CPU
		{87F2082A-341E-48F3-AF67-6B2204EB99DD}.Debug|Any CPU.Build.0 = Debug|Any CPU
		{87F2082A-341E-48F3-AF67-6B2204EB99DD}.Release|Any CPU.ActiveCfg = Release|Any CPU
		{87F2082A-341E-48F3-AF67-6B2204EB99DD}.Release|Any CPU.Build.0 = Release|Any CPU
		{93FDA3D7-C90B-45A2-A97C-D124272235F3}.Debug|Any CPU.ActiveCfg = Debug|Any CPU
		{93FDA3D7-C90B-45A2-A97C-D124272235F3}.Debug|Any CPU.Build.0 = Debug|Any CPU
		{93FDA3D7-C90B-45A2-A97C-D124272235F3}.Release|Any CPU.ActiveCfg = Release|Any CPU
		{93FDA3D7-C90B-45A2-A97C-D124272235F3}.Release|Any CPU.Build.0 = Release|Any CPU
		{D1FB51AE-37D8-4FB1-ABAD-C7D18C02E70A}.Debug|Any CPU.ActiveCfg = Debug|Any CPU
		{D1FB51AE-37D8-4FB1-ABAD-C7D18C02E70A}.Debug|Any CPU.Build.0 = Debug|Any CPU
		{D1FB51AE-37D8-4FB1-ABAD-C7D18C02E70A}.Release|Any CPU.ActiveCfg = Release|Any CPU
		{D1FB51AE-37D8-4FB1-ABAD-C7D18C02E70A}.Release|Any CPU.Build.0 = Release|Any CPU
		{857646FB-9CAA-44AF-80C1-E4D4C871198A}.Debug|Any CPU.ActiveCfg = Debug|Any CPU
		{857646FB-9CAA-44AF-80C1-E4D4C871198A}.Debug|Any CPU.Build.0 = Debug|Any CPU
		{857646FB-9CAA-44AF-80C1-E4D4C871198A}.Release|Any CPU.ActiveCfg = Release|Any CPU
		{857646FB-9CAA-44AF-80C1-E4D4C871198A}.Release|Any CPU.Build.0 = Release|Any CPU
		{819892FE-0635-4429-A51B-DE0090EE813F}.Debug|Any CPU.ActiveCfg = Debug|Any CPU
		{819892FE-0635-4429-A51B-DE0090EE813F}.Debug|Any CPU.Build.0 = Debug|Any CPU
		{819892FE-0635-4429-A51B-DE0090EE813F}.Release|Any CPU.ActiveCfg = Release|Any CPU
		{819892FE-0635-4429-A51B-DE0090EE813F}.Release|Any CPU.Build.0 = Release|Any CPU
		{C26BE87B-41FD-4937-9A15-5271A750B257}.Debug|Any CPU.ActiveCfg = Debug|Any CPU
		{C26BE87B-41FD-4937-9A15-5271A750B257}.Debug|Any CPU.Build.0 = Debug|Any CPU
		{C26BE87B-41FD-4937-9A15-5271A750B257}.Release|Any CPU.ActiveCfg = Release|Any CPU
		{C26BE87B-41FD-4937-9A15-5271A750B257}.Release|Any CPU.Build.0 = Release|Any CPU
		{3EBF9163-A4CC-418B-A3D2-50C1F348F282}.Debug|Any CPU.ActiveCfg = Debug|Any CPU
		{3EBF9163-A4CC-418B-A3D2-50C1F348F282}.Debug|Any CPU.Build.0 = Debug|Any CPU
		{3EBF9163-A4CC-418B-A3D2-50C1F348F282}.Release|Any CPU.ActiveCfg = Release|Any CPU
		{3EBF9163-A4CC-418B-A3D2-50C1F348F282}.Release|Any CPU.Build.0 = Release|Any CPU
		{6B17A27A-9459-45E9-8BC6-60FF6D35BC5D}.Debug|Any CPU.ActiveCfg = Debug|Any CPU
		{6B17A27A-9459-45E9-8BC6-60FF6D35BC5D}.Debug|Any CPU.Build.0 = Debug|Any CPU
		{6B17A27A-9459-45E9-8BC6-60FF6D35BC5D}.Release|Any CPU.ActiveCfg = Release|Any CPU
		{6B17A27A-9459-45E9-8BC6-60FF6D35BC5D}.Release|Any CPU.Build.0 = Release|Any CPU
		{7F749CBA-C55B-4B00-A7BE-E7AE8E28A5B3}.Debug|Any CPU.ActiveCfg = Debug|Any CPU
		{7F749CBA-C55B-4B00-A7BE-E7AE8E28A5B3}.Debug|Any CPU.Build.0 = Debug|Any CPU
		{7F749CBA-C55B-4B00-A7BE-E7AE8E28A5B3}.Release|Any CPU.ActiveCfg = Release|Any CPU
		{7F749CBA-C55B-4B00-A7BE-E7AE8E28A5B3}.Release|Any CPU.Build.0 = Release|Any CPU
		{09C2C9A8-8636-46EF-804A-8210CEDEC13E}.Debug|Any CPU.ActiveCfg = Debug|Any CPU
		{09C2C9A8-8636-46EF-804A-8210CEDEC13E}.Debug|Any CPU.Build.0 = Debug|Any CPU
		{09C2C9A8-8636-46EF-804A-8210CEDEC13E}.Release|Any CPU.ActiveCfg = Release|Any CPU
		{09C2C9A8-8636-46EF-804A-8210CEDEC13E}.Release|Any CPU.Build.0 = Release|Any CPU
		{9A94297A-8B32-49F2-8077-2F289182D552}.Debug|Any CPU.ActiveCfg = Debug|Any CPU
		{9A94297A-8B32-49F2-8077-2F289182D552}.Debug|Any CPU.Build.0 = Debug|Any CPU
		{9A94297A-8B32-49F2-8077-2F289182D552}.Release|Any CPU.ActiveCfg = Release|Any CPU
		{9A94297A-8B32-49F2-8077-2F289182D552}.Release|Any CPU.Build.0 = Release|Any CPU
		{13A464DC-B24A-4AC8-A485-55E34693FC34}.Debug|Any CPU.ActiveCfg = Debug|Any CPU
		{13A464DC-B24A-4AC8-A485-55E34693FC34}.Debug|Any CPU.Build.0 = Debug|Any CPU
		{13A464DC-B24A-4AC8-A485-55E34693FC34}.Release|Any CPU.ActiveCfg = Release|Any CPU
		{13A464DC-B24A-4AC8-A485-55E34693FC34}.Release|Any CPU.Build.0 = Release|Any CPU
		{77D799D2-DA5B-4144-B6E8-4092DCB62F7B}.Debug|Any CPU.ActiveCfg = Debug|Any CPU
		{77D799D2-DA5B-4144-B6E8-4092DCB62F7B}.Debug|Any CPU.Build.0 = Debug|Any CPU
		{77D799D2-DA5B-4144-B6E8-4092DCB62F7B}.Release|Any CPU.ActiveCfg = Release|Any CPU
		{77D799D2-DA5B-4144-B6E8-4092DCB62F7B}.Release|Any CPU.Build.0 = Release|Any CPU
	EndGlobalSection
	GlobalSection(SolutionProperties) = preSolution
		HideSolutionNode = FALSE
	EndGlobalSection
	GlobalSection(NestedProjects) = preSolution
		{2587D293-063E-4E2D-AB16-FAF4EE475957} = {737B10C1-79FB-4B81-A752-8C69D28E4A69}
		{77A8DD53-1B1D-4A1C-B88C-6AA444494FC3} = {737B10C1-79FB-4B81-A752-8C69D28E4A69}
		{87F2082A-341E-48F3-AF67-6B2204EB99DD} = {737B10C1-79FB-4B81-A752-8C69D28E4A69}
		{93FDA3D7-C90B-45A2-A97C-D124272235F3} = {FB6B45E3-247B-4512-B5FD-EEE903E06282}
		{D1FB51AE-37D8-4FB1-ABAD-C7D18C02E70A} = {FB6B45E3-247B-4512-B5FD-EEE903E06282}
		{857646FB-9CAA-44AF-80C1-E4D4C871198A} = {FB6B45E3-247B-4512-B5FD-EEE903E06282}
		{819892FE-0635-4429-A51B-DE0090EE813F} = {FB6B45E3-247B-4512-B5FD-EEE903E06282}
		{C26BE87B-41FD-4937-9A15-5271A750B257} = {FB6B45E3-247B-4512-B5FD-EEE903E06282}
		{3EBF9163-A4CC-418B-A3D2-50C1F348F282} = {FB6B45E3-247B-4512-B5FD-EEE903E06282}
		{6B17A27A-9459-45E9-8BC6-60FF6D35BC5D} = {FB6B45E3-247B-4512-B5FD-EEE903E06282}
		{737B10C1-79FB-4B81-A752-8C69D28E4A69} = {FC5A41B4-8F84-46FD-8629-653C40410A3C}
		{7F749CBA-C55B-4B00-A7BE-E7AE8E28A5B3} = {737B10C1-79FB-4B81-A752-8C69D28E4A69}
		{5590A67F-E1CB-485E-B1AA-5D67A60F3A83} = {FC5A41B4-8F84-46FD-8629-653C40410A3C}
		{09C2C9A8-8636-46EF-804A-8210CEDEC13E} = {5590A67F-E1CB-485E-B1AA-5D67A60F3A83}
		{9A94297A-8B32-49F2-8077-2F289182D552} = {5590A67F-E1CB-485E-B1AA-5D67A60F3A83}
		{13A464DC-B24A-4AC8-A485-55E34693FC34} = {5590A67F-E1CB-485E-B1AA-5D67A60F3A83}
		{77D799D2-DA5B-4144-B6E8-4092DCB62F7B} = {5590A67F-E1CB-485E-B1AA-5D67A60F3A83}
	EndGlobalSection
	GlobalSection(ExtensibilityGlobals) = postSolution
		SolutionGuid = {AB6E78EA-C77A-488B-A6AD-E004682A272A}
	EndGlobalSection
EndGlobal
